
Microsoft Visual Studio Solution File, Format Version 12.00
# Visual Studio Version 17
VisualStudioVersion = 17.3.32825.248
MinimumVisualStudioVersion = 10.0.40219.1
Project("{9A19103F-16F7-4668-BE54-9A1E7A4F7556}") = "Dtx", "Dtx\Dtx.csproj", "{14DA2CDD-85D2-446B-9D85-287A23EB8495}"
EndProject
Project("{9A19103F-16F7-4668-BE54-9A1E7A4F7556}") = "Dtx.Core", "Dtx.Core\Dtx.Core.csproj", "{3E2DA585-0CE3-4255-8F48-E535AE8666C5}"
EndProject
Project("{9A19103F-16F7-4668-BE54-9A1E7A4F7556}") = "Dtx.Core.UnitTests", "Dtx.Core.UnitTests\Dtx.Core.UnitTests.csproj", "{CB23819A-579B-4F99-A862-99FE3E58F776}"
EndProject
Project("{9A19103F-16F7-4668-BE54-9A1E7A4F7556}") = "Dtx.TestUtils", "Dtx.TestUtils\Dtx.TestUtils.csproj", "{22E5101C-4B40-4ADC-95F3-B677A5D4326D}"
EndProject
Global
	GlobalSection(SolutionConfigurationPlatforms) = preSolution
		Debug|Any CPU = Debug|Any CPU
		Release|Any CPU = Release|Any CPU
	EndGlobalSection
	GlobalSection(ProjectConfigurationPlatforms) = postSolution
		{14DA2CDD-85D2-446B-9D85-287A23EB8495}.Debug|Any CPU.ActiveCfg = Debug|Any CPU
		{14DA2CDD-85D2-446B-9D85-287A23EB8495}.Debug|Any CPU.Build.0 = Debug|Any CPU
		{14DA2CDD-85D2-446B-9D85-287A23EB8495}.Release|Any CPU.ActiveCfg = Release|Any CPU
		{14DA2CDD-85D2-446B-9D85-287A23EB8495}.Release|Any CPU.Build.0 = Release|Any CPU
		{3E2DA585-0CE3-4255-8F48-E535AE8666C5}.Debug|Any CPU.ActiveCfg = Debug|Any CPU
		{3E2DA585-0CE3-4255-8F48-E535AE8666C5}.Debug|Any CPU.Build.0 = Debug|Any CPU
		{3E2DA585-0CE3-4255-8F48-E535AE8666C5}.Release|Any CPU.ActiveCfg = Release|Any CPU
		{3E2DA585-0CE3-4255-8F48-E535AE8666C5}.Release|Any CPU.Build.0 = Release|Any CPU
		{CB23819A-579B-4F99-A862-99FE3E58F776}.Debug|Any CPU.ActiveCfg = Debug|Any CPU
		{CB23819A-579B-4F99-A862-99FE3E58F776}.Debug|Any CPU.Build.0 = Debug|Any CPU
		{CB23819A-579B-4F99-A862-99FE3E58F776}.Release|Any CPU.ActiveCfg = Release|Any CPU
		{CB23819A-579B-4F99-A862-99FE3E58F776}.Release|Any CPU.Build.0 = Release|Any CPU
		{22E5101C-4B40-4ADC-95F3-B677A5D4326D}.Debug|Any CPU.ActiveCfg = Debug|Any CPU
		{22E5101C-4B40-4ADC-95F3-B677A5D4326D}.Debug|Any CPU.Build.0 = Debug|Any CPU
		{22E5101C-4B40-4ADC-95F3-B677A5D4326D}.Release|Any CPU.ActiveCfg = Release|Any CPU
		{22E5101C-4B40-4ADC-95F3-B677A5D4326D}.Release|Any CPU.Build.0 = Release|Any CPU
	EndGlobalSection
	GlobalSection(SolutionProperties) = preSolution
		HideSolutionNode = FALSE
	EndGlobalSection
	GlobalSection(ExtensibilityGlobals) = postSolution
		SolutionGuid = {BA764964-55A4-4C18-83CB-F5CF28C0B9B4}
	EndGlobalSection
EndGlobal
